
Microsoft Visual Studio Solution File, Format Version 12.00
# Visual Studio Version 17
VisualStudioVersion = 17.3.32922.545
MinimumVisualStudioVersion = 10.0.40219.1
Project("{FAE04EC0-301F-11D3-BF4B-00C04F79EFBC}") = "SnappetChallengAPI", "SnappetChallengAPI\SnappetChallengAPI.csproj", "{D71BAD67-3F3A-40DF-98A1-AE5BADE5327E}"
EndProject
Global
	GlobalSection(SolutionConfigurationPlatforms) = preSolution
		Debug|Any CPU = Debug|Any CPU
		Release|Any CPU = Release|Any CPU
	EndGlobalSection
	GlobalSection(ProjectConfigurationPlatforms) = postSolution
		{D71BAD67-3F3A-40DF-98A1-AE5BADE5327E}.Debug|Any CPU.ActiveCfg = Debug|Any CPU
		{D71BAD67-3F3A-40DF-98A1-AE5BADE5327E}.Debug|Any CPU.Build.0 = Debug|Any CPU
		{D71BAD67-3F3A-40DF-98A1-AE5BADE5327E}.Release|Any CPU.ActiveCfg = Release|Any CPU
		{D71BAD67-3F3A-40DF-98A1-AE5BADE5327E}.Release|Any CPU.Build.0 = Release|Any CPU
	EndGlobalSection
	GlobalSection(SolutionProperties) = preSolution
		HideSolutionNode = FALSE
	EndGlobalSection
	GlobalSection(ExtensibilityGlobals) = postSolution
		SolutionGuid = {F6713E54-A41E-411F-8CFB-498A06F93339}
	EndGlobalSection
EndGlobal
